
Microsoft Visual Studio Solution File, Format Version 12.00
# Visual Studio 15
VisualStudioVersion = 15.0.26430.4
MinimumVisualStudioVersion = 10.0.40219.1
Project("{FAE04EC0-301F-11D3-BF4B-00C04F79EFBC}") = "BayesApp", "BayesApp\BayesApp.csproj", "{6E24F0C1-B430-431E-B299-676B208D889E}"
EndProject
Global
	GlobalSection(SolutionConfigurationPlatforms) = preSolution
		Debug|Any CPU = Debug|Any CPU
		Release|Any CPU = Release|Any CPU
	EndGlobalSection
	GlobalSection(ProjectConfigurationPlatforms) = postSolution
		{6E24F0C1-B430-431E-B299-676B208D889E}.Debug|Any CPU.ActiveCfg = Debug|Any CPU
		{6E24F0C1-B430-431E-B299-676B208D889E}.Debug|Any CPU.Build.0 = Debug|Any CPU
		{6E24F0C1-B430-431E-B299-676B208D889E}.Release|Any CPU.ActiveCfg = Release|Any CPU
		{6E24F0C1-B430-431E-B299-676B208D889E}.Release|Any CPU.Build.0 = Release|Any CPU
	EndGlobalSection
	GlobalSection(SolutionProperties) = preSolution
		HideSolutionNode = FALSE
	EndGlobalSection
EndGlobal
